// !$*UTF8*$!
{
	archiveVersion = 1;
	classes = {
	};
	objectVersion = 50;
	objects = {

/* Begin PBXBuildFile section */
		EF1D252F261779110086D712 /* Tests_iOS.swift in Sources */ = {isa = PBXBuildFile; fileRef = EF1D252E261779110086D712 /* Tests_iOS.swift */; };
		EF1D253A261779110086D712 /* Tests_macOS.swift in Sources */ = {isa = PBXBuildFile; fileRef = EF1D2539261779110086D712 /* Tests_macOS.swift */; };
		EF1D253C261779110086D712 /* Robot_carApp.swift in Sources */ = {isa = PBXBuildFile; fileRef = EF1D25122617790B0086D712 /* Robot_carApp.swift */; };
		EF1D253D261779110086D712 /* Robot_carApp.swift in Sources */ = {isa = PBXBuildFile; fileRef = EF1D25122617790B0086D712 /* Robot_carApp.swift */; };
		EF1D253E261779110086D712 /* Robot_carDocument.swift in Sources */ = {isa = PBXBuildFile; fileRef = EF1D25132617790B0086D712 /* Robot_carDocument.swift */; };
		EF1D253F261779110086D712 /* Robot_carDocument.swift in Sources */ = {isa = PBXBuildFile; fileRef = EF1D25132617790B0086D712 /* Robot_carDocument.swift */; };
		EF1D2540261779110086D712 /* ContentView.swift in Sources */ = {isa = PBXBuildFile; fileRef = EF1D25142617790B0086D712 /* ContentView.swift */; };
		EF1D2541261779110086D712 /* ContentView.swift in Sources */ = {isa = PBXBuildFile; fileRef = EF1D25142617790B0086D712 /* ContentView.swift */; };
		EF1D2542261779110086D712 /* Assets.xcassets in Resources */ = {isa = PBXBuildFile; fileRef = EF1D2515261779110086D712 /* Assets.xcassets */; };
		EF1D2543261779110086D712 /* Assets.xcassets in Resources */ = {isa = PBXBuildFile; fileRef = EF1D2515261779110086D712 /* Assets.xcassets */; };
/* End PBXBuildFile section */

/* Begin PBXContainerItemProxy section */
		EF1D252B261779110086D712 /* PBXContainerItemProxy */ = {
			isa = PBXContainerItemProxy;
			containerPortal = EF1D250D2617790A0086D712 /* Project object */;
			proxyType = 1;
			remoteGlobalIDString = EF1D2519261779110086D712;
			remoteInfo = "Robot_car (iOS)";
		};
		EF1D2536261779110086D712 /* PBXContainerItemProxy */ = {
			isa = PBXContainerItemProxy;
			containerPortal = EF1D250D2617790A0086D712 /* Project object */;
			proxyType = 1;
			remoteGlobalIDString = EF1D2521261779110086D712;
			remoteInfo = "Robot_car (macOS)";
		};
/* End PBXContainerItemProxy section */

/* Begin PBXFileReference section */
		EF1D25122617790B0086D712 /* Robot_carApp.swift */ = {isa = PBXFileReference; lastKnownFileType = sourcecode.swift; path = Robot_carApp.swift; sourceTree = "<group>"; };
		EF1D25132617790B0086D712 /* Robot_carDocument.swift */ = {isa = PBXFileReference; lastKnownFileType = sourcecode.swift; path = Robot_carDocument.swift; sourceTree = "<group>"; };
		EF1D25142617790B0086D712 /* ContentView.swift */ = {isa = PBXFileReference; lastKnownFileType = sourcecode.swift; path = ContentView.swift; sourceTree = "<group>"; };
		EF1D2515261779110086D712 /* Assets.xcassets */ = {isa = PBXFileReference; lastKnownFileType = folder.assetcatalog; path = Assets.xcassets; sourceTree = "<group>"; };
		EF1D251A261779110086D712 /* Robot_car.app */ = {isa = PBXFileReference; explicitFileType = wrapper.application; includeInIndex = 0; path = Robot_car.app; sourceTree = BUILT_PRODUCTS_DIR; };
		EF1D251D261779110086D712 /* Info.plist */ = {isa = PBXFileReference; lastKnownFileType = text.plist.xml; path = Info.plist; sourceTree = "<group>"; };
		EF1D2522261779110086D712 /* Robot_car.app */ = {isa = PBXFileReference; explicitFileType = wrapper.application; includeInIndex = 0; path = Robot_car.app; sourceTree = BUILT_PRODUCTS_DIR; };
		EF1D2524261779110086D712 /* Info.plist */ = {isa = PBXFileReference; lastKnownFileType = text.plist.xml; path = Info.plist; sourceTree = "<group>"; };
		EF1D2525261779110086D712 /* macOS.entitlements */ = {isa = PBXFileReference; lastKnownFileType = text.plist.entitlements; path = macOS.entitlements; sourceTree = "<group>"; };
		EF1D252A261779110086D712 /* Tests iOS.xctest */ = {isa = PBXFileReference; explicitFileType = wrapper.cfbundle; includeInIndex = 0; path = "Tests iOS.xctest"; sourceTree = BUILT_PRODUCTS_DIR; };
		EF1D252E261779110086D712 /* Tests_iOS.swift */ = {isa = PBXFileReference; lastKnownFileType = sourcecode.swift; path = Tests_iOS.swift; sourceTree = "<group>"; };
		EF1D2530261779110086D712 /* Info.plist */ = {isa = PBXFileReference; lastKnownFileType = text.plist.xml; path = Info.plist; sourceTree = "<group>"; };
		EF1D2535261779110086D712 /* Tests macOS.xctest */ = {isa = PBXFileReference; explicitFileType = wrapper.cfbundle; includeInIndex = 0; path = "Tests macOS.xctest"; sourceTree = BUILT_PRODUCTS_DIR; };
		EF1D2539261779110086D712 /* Tests_macOS.swift */ = {isa = PBXFileReference; lastKnownFileType = sourcecode.swift; path = Tests_macOS.swift; sourceTree = "<group>"; };
		EF1D253B261779110086D712 /* Info.plist */ = {isa = PBXFileReference; lastKnownFileType = text.plist.xml; path = Info.plist; sourceTree = "<group>"; };
/* End PBXFileReference section */

/* Begin PBXFrameworksBuildPhase section */
		EF1D2517261779110086D712 /* Frameworks */ = {
			isa = PBXFrameworksBuildPhase;
			buildActionMask = 2147483647;
			files = (
			);
			runOnlyForDeploymentPostprocessing = 0;
		};
		EF1D251F261779110086D712 /* Frameworks */ = {
			isa = PBXFrameworksBuildPhase;
			buildActionMask = 2147483647;
			files = (
			);
			runOnlyForDeploymentPostprocessing = 0;
		};
		EF1D2527261779110086D712 /* Frameworks */ = {
			isa = PBXFrameworksBuildPhase;
			buildActionMask = 2147483647;
			files = (
			);
			runOnlyForDeploymentPostprocessing = 0;
		};
		EF1D2532261779110086D712 /* Frameworks */ = {
			isa = PBXFrameworksBuildPhase;
			buildActionMask = 2147483647;
			files = (
			);
			runOnlyForDeploymentPostprocessing = 0;
		};
/* End PBXFrameworksBuildPhase section */

/* Begin PBXGroup section */
		EF1D250C2617790A0086D712 = {
			isa = PBXGroup;
			children = (
				EF1D25112617790B0086D712 /* Shared */,
				EF1D251C261779110086D712 /* iOS */,
				EF1D2523261779110086D712 /* macOS */,
				EF1D252D261779110086D712 /* Tests iOS */,
				EF1D2538261779110086D712 /* Tests macOS */,
				EF1D251B261779110086D712 /* Products */,
			);
			sourceTree = "<group>";
		};
		EF1D25112617790B0086D712 /* Shared */ = {
			isa = PBXGroup;
			children = (
				EF1D25122617790B0086D712 /* Robot_carApp.swift */,
				EF1D25132617790B0086D712 /* Robot_carDocument.swift */,
				EF1D25142617790B0086D712 /* ContentView.swift */,
				EF1D2515261779110086D712 /* Assets.xcassets */,
			);
			path = Shared;
			sourceTree = "<group>";
		};
		EF1D251B261779110086D712 /* Products */ = {
			isa = PBXGroup;
			children = (
				EF1D251A261779110086D712 /* Robot_car.app */,
				EF1D2522261779110086D712 /* Robot_car.app */,
				EF1D252A261779110086D712 /* Tests iOS.xctest */,
				EF1D2535261779110086D712 /* Tests macOS.xctest */,
			);
			name = Products;
			sourceTree = "<group>";
		};
		EF1D251C261779110086D712 /* iOS */ = {
			isa = PBXGroup;
			children = (
				EF1D251D261779110086D712 /* Info.plist */,
			);
			path = iOS;
			sourceTree = "<group>";
		};
		EF1D2523261779110086D712 /* macOS */ = {
			isa = PBXGroup;
			children = (
				EF1D2524261779110086D712 /* Info.plist */,
				EF1D2525261779110086D712 /* macOS.entitlements */,
			);
			path = macOS;
			sourceTree = "<group>";
		};
		EF1D252D261779110086D712 /* Tests iOS */ = {
			isa = PBXGroup;
			children = (
				EF1D252E261779110086D712 /* Tests_iOS.swift */,
				EF1D2530261779110086D712 /* Info.plist */,
			);
			path = "Tests iOS";
			sourceTree = "<group>";
		};
		EF1D2538261779110086D712 /* Tests macOS */ = {
			isa = PBXGroup;
			children = (
				EF1D2539261779110086D712 /* Tests_macOS.swift */,
				EF1D253B261779110086D712 /* Info.plist */,
			);
			path = "Tests macOS";
			sourceTree = "<group>";
		};
/* End PBXGroup section */

/* Begin PBXNativeTarget section */
		EF1D2519261779110086D712 /* Robot_car (iOS) */ = {
			isa = PBXNativeTarget;
			buildConfigurationList = EF1D2546261779110086D712 /* Build configuration list for PBXNativeTarget "Robot_car (iOS)" */;
			buildPhases = (
				EF1D2516261779110086D712 /* Sources */,
				EF1D2517261779110086D712 /* Frameworks */,
				EF1D2518261779110086D712 /* Resources */,
			);
			buildRules = (
			);
			dependencies = (
			);
			name = "Robot_car (iOS)";
			productName = "Robot_car (iOS)";
			productReference = EF1D251A261779110086D712 /* Robot_car.app */;
			productType = "com.apple.product-type.application";
		};
		EF1D2521261779110086D712 /* Robot_car (macOS) */ = {
			isa = PBXNativeTarget;
			buildConfigurationList = EF1D2549261779110086D712 /* Build configuration list for PBXNativeTarget "Robot_car (macOS)" */;
			buildPhases = (
				EF1D251E261779110086D712 /* Sources */,
				EF1D251F261779110086D712 /* Frameworks */,
				EF1D2520261779110086D712 /* Resources */,
			);
			buildRules = (
			);
			dependencies = (
			);
			name = "Robot_car (macOS)";
			productName = "Robot_car (macOS)";
			productReference = EF1D2522261779110086D712 /* Robot_car.app */;
			productType = "com.apple.product-type.application";
		};
		EF1D2529261779110086D712 /* Tests iOS */ = {
			isa = PBXNativeTarget;
			buildConfigurationList = EF1D254C261779110086D712 /* Build configuration list for PBXNativeTarget "Tests iOS" */;
			buildPhases = (
				EF1D2526261779110086D712 /* Sources */,
				EF1D2527261779110086D712 /* Frameworks */,
				EF1D2528261779110086D712 /* Resources */,
			);
			buildRules = (
			);
			dependencies = (
				EF1D252C261779110086D712 /* PBXTargetDependency */,
			);
			name = "Tests iOS";
			productName = "Tests iOS";
			productReference = EF1D252A261779110086D712 /* Tests iOS.xctest */;
			productType = "com.apple.product-type.bundle.ui-testing";
		};
		EF1D2534261779110086D712 /* Tests macOS */ = {
			isa = PBXNativeTarget;
			buildConfigurationList = EF1D254F261779110086D712 /* Build configuration list for PBXNativeTarget "Tests macOS" */;
			buildPhases = (
				EF1D2531261779110086D712 /* Sources */,
				EF1D2532261779110086D712 /* Frameworks */,
				EF1D2533261779110086D712 /* Resources */,
			);
			buildRules = (
			);
			dependencies = (
				EF1D2537261779110086D712 /* PBXTargetDependency */,
			);
			name = "Tests macOS";
			productName = "Tests macOS";
			productReference = EF1D2535261779110086D712 /* Tests macOS.xctest */;
			productType = "com.apple.product-type.bundle.ui-testing";
		};
/* End PBXNativeTarget section */

/* Begin PBXProject section */
		EF1D250D2617790A0086D712 /* Project object */ = {
			isa = PBXProject;
			attributes = {
				LastSwiftUpdateCheck = 1230;
				LastUpgradeCheck = 1230;
				TargetAttributes = {
					EF1D2519261779110086D712 = {
						CreatedOnToolsVersion = 12.3;
					};
					EF1D2521261779110086D712 = {
						CreatedOnToolsVersion = 12.3;
					};
					EF1D2529261779110086D712 = {
						CreatedOnToolsVersion = 12.3;
						TestTargetID = EF1D2519261779110086D712;
					};
					EF1D2534261779110086D712 = {
						CreatedOnToolsVersion = 12.3;
						TestTargetID = EF1D2521261779110086D712;
					};
				};
			};
			buildConfigurationList = EF1D25102617790A0086D712 /* Build configuration list for PBXProject "Robot_car" */;
			compatibilityVersion = "Xcode 9.3";
			developmentRegion = en;
			hasScannedForEncodings = 0;
			knownRegions = (
				en,
				Base,
			);
			mainGroup = EF1D250C2617790A0086D712;
			productRefGroup = EF1D251B261779110086D712 /* Products */;
			projectDirPath = "";
			projectRoot = "";
			targets = (
				EF1D2519261779110086D712 /* Robot_car (iOS) */,
				EF1D2521261779110086D712 /* Robot_car (macOS) */,
				EF1D2529261779110086D712 /* Tests iOS */,
				EF1D2534261779110086D712 /* Tests macOS */,
			);
		};
/* End PBXProject section */

/* Begin PBXResourcesBuildPhase section */
		EF1D2518261779110086D712 /* Resources */ = {
			isa = PBXResourcesBuildPhase;
			buildActionMask = 2147483647;
			files = (
				EF1D2542261779110086D712 /* Assets.xcassets in Resources */,
			);
			runOnlyForDeploymentPostprocessing = 0;
		};
		EF1D2520261779110086D712 /* Resources */ = {
			isa = PBXResourcesBuildPhase;
			buildActionMask = 2147483647;
			files = (
				EF1D2543261779110086D712 /* Assets.xcassets in Resources */,
			);
			runOnlyForDeploymentPostprocessing = 0;
		};
		EF1D2528261779110086D712 /* Resources */ = {
			isa = PBXResourcesBuildPhase;
			buildActionMask = 2147483647;
			files = (
			);
			runOnlyForDeploymentPostprocessing = 0;
		};
		EF1D2533261779110086D712 /* Resources */ = {
			isa = PBXResourcesBuildPhase;
			buildActionMask = 2147483647;
			files = (
			);
			runOnlyForDeploymentPostprocessing = 0;
		};
/* End PBXResourcesBuildPhase section */

/* Begin PBXSourcesBuildPhase section */
		EF1D2516261779110086D712 /* Sources */ = {
			isa = PBXSourcesBuildPhase;
			buildActionMask = 2147483647;
			files = (
				EF1D253E261779110086D712 /* Robot_carDocument.swift in Sources */,
				EF1D253C261779110086D712 /* Robot_carApp.swift in Sources */,
				EF1D2540261779110086D712 /* ContentView.swift in Sources */,
			);
			runOnlyForDeploymentPostprocessing = 0;
		};
		EF1D251E261779110086D712 /* Sources */ = {
			isa = PBXSourcesBuildPhase;
			buildActionMask = 2147483647;
			files = (
				EF1D253F261779110086D712 /* Robot_carDocument.swift in Sources */,
				EF1D253D261779110086D712 /* Robot_carApp.swift in Sources */,
				EF1D2541261779110086D712 /* ContentView.swift in Sources */,
			);
			runOnlyForDeploymentPostprocessing = 0;
		};
		EF1D2526261779110086D712 /* Sources */ = {
			isa = PBXSourcesBuildPhase;
			buildActionMask = 2147483647;
			files = (
				EF1D252F261779110086D712 /* Tests_iOS.swift in Sources */,
			);
			runOnlyForDeploymentPostprocessing = 0;
		};
		EF1D2531261779110086D712 /* Sources */ = {
			isa = PBXSourcesBuildPhase;
			buildActionMask = 2147483647;
			files = (
				EF1D253A261779110086D712 /* Tests_macOS.swift in Sources */,
			);
			runOnlyForDeploymentPostprocessing = 0;
		};
/* End PBXSourcesBuildPhase section */

/* Begin PBXTargetDependency section */
		EF1D252C261779110086D712 /* PBXTargetDependency */ = {
			isa = PBXTargetDependency;
			target = EF1D2519261779110086D712 /* Robot_car (iOS) */;
			targetProxy = EF1D252B261779110086D712 /* PBXContainerItemProxy */;
		};
		EF1D2537261779110086D712 /* PBXTargetDependency */ = {
			isa = PBXTargetDependency;
			target = EF1D2521261779110086D712 /* Robot_car (macOS) */;
			targetProxy = EF1D2536261779110086D712 /* PBXContainerItemProxy */;
		};
/* End PBXTargetDependency section */

/* Begin XCBuildConfiguration section */
		EF1D2544261779110086D712 /* Debug */ = {
			isa = XCBuildConfiguration;
			buildSettings = {
				ALWAYS_SEARCH_USER_PATHS = NO;
				CLANG_ANALYZER_NONNULL = YES;
				CLANG_ANALYZER_NUMBER_OBJECT_CONVERSION = YES_AGGRESSIVE;
				CLANG_CXX_LANGUAGE_STANDARD = "gnu++14";
				CLANG_CXX_LIBRARY = "libc++";
				CLANG_ENABLE_MODULES = YES;
				CLANG_ENABLE_OBJC_ARC = YES;
				CLANG_ENABLE_OBJC_WEAK = YES;
				CLANG_WARN_BLOCK_CAPTURE_AUTORELEASING = YES;
				CLANG_WARN_BOOL_CONVERSION = YES;
				CLANG_WARN_COMMA = YES;
				CLANG_WARN_CONSTANT_CONVERSION = YES;
				CLANG_WARN_DEPRECATED_OBJC_IMPLEMENTATIONS = YES;
				CLANG_WARN_DIRECT_OBJC_ISA_USAGE = YES_ERROR;
				CLANG_WARN_DOCUMENTATION_COMMENTS = YES;
				CLANG_WARN_EMPTY_BODY = YES;
				CLANG_WARN_ENUM_CONVERSION = YES;
				CLANG_WARN_INFINITE_RECURSION = YES;
				CLANG_WARN_INT_CONVERSION = YES;
				CLANG_WARN_NON_LITERAL_NULL_CONVERSION = YES;
				CLANG_WARN_OBJC_IMPLICIT_RETAIN_SELF = YES;
				CLANG_WARN_OBJC_LITERAL_CONVERSION = YES;
				CLANG_WARN_OBJC_ROOT_CLASS = YES_ERROR;
				CLANG_WARN_QUOTED_INCLUDE_IN_FRAMEWORK_HEADER = YES;
				CLANG_WARN_RANGE_LOOP_ANALYSIS = YES;
				CLANG_WARN_STRICT_PROTOTYPES = YES;
				CLANG_WARN_SUSPICIOUS_MOVE = YES;
				CLANG_WARN_UNGUARDED_AVAILABILITY = YES_AGGRESSIVE;
				CLANG_WARN_UNREACHABLE_CODE = YES;
				CLANG_WARN__DUPLICATE_METHOD_MATCH = YES;
				COPY_PHASE_STRIP = NO;
				DEBUG_INFORMATION_FORMAT = dwarf;
				ENABLE_STRICT_OBJC_MSGSEND = YES;
				ENABLE_TESTABILITY = YES;
				GCC_C_LANGUAGE_STANDARD = gnu11;
				GCC_DYNAMIC_NO_PIC = NO;
				GCC_NO_COMMON_BLOCKS = YES;
				GCC_OPTIMIZATION_LEVEL = 0;
				GCC_PREPROCESSOR_DEFINITIONS = (
					"DEBUG=1",
					"$(inherited)",
				);
				GCC_WARN_64_TO_32_BIT_CONVERSION = YES;
				GCC_WARN_ABOUT_RETURN_TYPE = YES_ERROR;
				GCC_WARN_UNDECLARED_SELECTOR = YES;
				GCC_WARN_UNINITIALIZED_AUTOS = YES_AGGRESSIVE;
				GCC_WARN_UNUSED_FUNCTION = YES;
				GCC_WARN_UNUSED_VARIABLE = YES;
				MTL_ENABLE_DEBUG_INFO = INCLUDE_SOURCE;
				MTL_FAST_MATH = YES;
				ONLY_ACTIVE_ARCH = YES;
				SWIFT_ACTIVE_COMPILATION_CONDITIONS = DEBUG;
				SWIFT_OPTIMIZATION_LEVEL = "-Onone";
			};
			name = Debug;
		};
		EF1D2545261779110086D712 /* Release */ = {
			isa = XCBuildConfiguration;
			buildSettings = {
				ALWAYS_SEARCH_USER_PATHS = NO;
				CLANG_ANALYZER_NONNULL = YES;
				CLANG_ANALYZER_NUMBER_OBJECT_CONVERSION = YES_AGGRESSIVE;
				CLANG_CXX_LANGUAGE_STANDARD = "gnu++14";
				CLANG_CXX_LIBRARY = "libc++";
				CLANG_ENABLE_MODULES = YES;
				CLANG_ENABLE_OBJC_ARC = YES;
				CLANG_ENABLE_OBJC_WEAK = YES;
				CLANG_WARN_BLOCK_CAPTURE_AUTORELEASING = YES;
				CLANG_WARN_BOOL_CONVERSION = YES;
				CLANG_WARN_COMMA = YES;
				CLANG_WARN_CONSTANT_CONVERSION = YES;
				CLANG_WARN_DEPRECATED_OBJC_IMPLEMENTATIONS = YES;
				CLANG_WARN_DIRECT_OBJC_ISA_USAGE = YES_ERROR;
				CLANG_WARN_DOCUMENTATION_COMMENTS = YES;
				CLANG_WARN_EMPTY_BODY = YES;
				CLANG_WARN_ENUM_CONVERSION = YES;
				CLANG_WARN_INFINITE_RECURSION = YES;
				CLANG_WARN_INT_CONVERSION = YES;
				CLANG_WARN_NON_LITERAL_NULL_CONVERSION = YES;
				CLANG_WARN_OBJC_IMPLICIT_RETAIN_SELF = YES;
				CLANG_WARN_OBJC_LITERAL_CONVERSION = YES;
				CLANG_WARN_OBJC_ROOT_CLASS = YES_ERROR;
				CLANG_WARN_QUOTED_INCLUDE_IN_FRAMEWORK_HEADER = YES;
				CLANG_WARN_RANGE_LOOP_ANALYSIS = YES;
				CLANG_WARN_STRICT_PROTOTYPES = YES;
				CLANG_WARN_SUSPICIOUS_MOVE = YES;
				CLANG_WARN_UNGUARDED_AVAILABILITY = YES_AGGRESSIVE;
				CLANG_WARN_UNREACHABLE_CODE = YES;
				CLANG_WARN__DUPLICATE_METHOD_MATCH = YES;
				COPY_PHASE_STRIP = NO;
				DEBUG_INFORMATION_FORMAT = "dwarf-with-dsym";
				ENABLE_NS_ASSERTIONS = NO;
				ENABLE_STRICT_OBJC_MSGSEND = YES;
				GCC_C_LANGUAGE_STANDARD = gnu11;
				GCC_NO_COMMON_BLOCKS = YES;
				GCC_WARN_64_TO_32_BIT_CONVERSION = YES;
				GCC_WARN_ABOUT_RETURN_TYPE = YES_ERROR;
				GCC_WARN_UNDECLARED_SELECTOR = YES;
				GCC_WARN_UNINITIALIZED_AUTOS = YES_AGGRESSIVE;
				GCC_WARN_UNUSED_FUNCTION = YES;
				GCC_WARN_UNUSED_VARIABLE = YES;
				MTL_ENABLE_DEBUG_INFO = NO;
				MTL_FAST_MATH = YES;
				SWIFT_COMPILATION_MODE = wholemodule;
				SWIFT_OPTIMIZATION_LEVEL = "-O";
			};
			name = Release;
		};
		EF1D2547261779110086D712 /* Debug */ = {
			isa = XCBuildConfiguration;
			buildSettings = {
				ASSETCATALOG_COMPILER_APPICON_NAME = AppIcon;
				ASSETCATALOG_COMPILER_GLOBAL_ACCENT_COLOR_NAME = AccentColor;
				CODE_SIGN_STYLE = Automatic;
				DEVELOPMENT_TEAM = 433CSHQQBP;
				ENABLE_PREVIEWS = YES;
				INFOPLIST_FILE = iOS/Info.plist;
				IPHONEOS_DEPLOYMENT_TARGET = 14.0;
				LD_RUNPATH_SEARCH_PATHS = (
					"$(inherited)",
					"@executable_path/Frameworks",
				);
				PRODUCT_BUNDLE_IDENTIFIER = "iskeptic.biz.Robot-car";
				PRODUCT_NAME = Robot_car;
				SDKROOT = iphoneos;
				SWIFT_VERSION = 5.0;
				TARGETED_DEVICE_FAMILY = "1,2";
			};
			name = Debug;
		};
		EF1D2548261779110086D712 /* Release */ = {
			isa = XCBuildConfiguration;
			buildSettings = {
				ASSETCATALOG_COMPILER_APPICON_NAME = AppIcon;
				ASSETCATALOG_COMPILER_GLOBAL_ACCENT_COLOR_NAME = AccentColor;
				CODE_SIGN_STYLE = Automatic;
				DEVELOPMENT_TEAM = 433CSHQQBP;
				ENABLE_PREVIEWS = YES;
				INFOPLIST_FILE = iOS/Info.plist;
				IPHONEOS_DEPLOYMENT_TARGET = 14.0;
				LD_RUNPATH_SEARCH_PATHS = (
					"$(inherited)",
					"@executable_path/Frameworks",
				);
				PRODUCT_BUNDLE_IDENTIFIER = "iskeptic.biz.Robot-car";
				PRODUCT_NAME = Robot_car;
				SDKROOT = iphoneos;
				SWIFT_VERSION = 5.0;
				TARGETED_DEVICE_FAMILY = "1,2";
				VALIDATE_PRODUCT = YES;
			};
			name = Release;
		};
		EF1D254A261779110086D712 /* Debug */ = {
			isa = XCBuildConfiguration;
			buildSettings = {
				ASSETCATALOG_COMPILER_APPICON_NAME = AppIcon;
				ASSETCATALOG_COMPILER_GLOBAL_ACCENT_COLOR_NAME = AccentColor;
				CODE_SIGN_ENTITLEMENTS = macOS/macOS.entitlements;
				CODE_SIGN_STYLE = Automatic;
				COMBINE_HIDPI_IMAGES = YES;
				DEVELOPMENT_TEAM = 433CSHQQBP;
				ENABLE_HARDENED_RUNTIME = YES;
				ENABLE_PREVIEWS = YES;
				INFOPLIST_FILE = macOS/Info.plist;
				LD_RUNPATH_SEARCH_PATHS = (
					"$(inherited)",
					"@executable_path/../Frameworks",
				);
				MACOSX_DEPLOYMENT_TARGET = 11.0;
				PRODUCT_BUNDLE_IDENTIFIER = "iskeptic.biz.Robot-car";
				PRODUCT_NAME = Robot_car;
				SDKROOT = macosx;
				SWIFT_VERSION = 5.0;
			};
			name = Debug;
		};
		EF1D254B261779110086D712 /* Release */ = {
			isa = XCBuildConfiguration;
			buildSettings = {
				ASSETCATALOG_COMPILER_APPICON_NAME = AppIcon;
				ASSETCATALOG_COMPILER_GLOBAL_ACCENT_COLOR_NAME = AccentColor;
				CODE_SIGN_ENTITLEMENTS = macOS/macOS.entitlements;
				CODE_SIGN_STYLE = Automatic;
				COMBINE_HIDPI_IMAGES = YES;
				DEVELOPMENT_TEAM = 433CSHQQBP;
				ENABLE_HARDENED_RUNTIME = YES;
				ENABLE_PREVIEWS = YES;
				INFOPLIST_FILE = macOS/Info.plist;
				LD_RUNPATH_SEARCH_PATHS = (
					"$(inherited)",
					"@executable_path/../Frameworks",
				);
				MACOSX_DEPLOYMENT_TARGET = 11.0;
				PRODUCT_BUNDLE_IDENTIFIER = "iskeptic.biz.Robot-car";
				PRODUCT_NAME = Robot_car;
				SDKROOT = macosx;
				SWIFT_VERSION = 5.0;
			};
			name = Release;
		};
		EF1D254D261779110086D712 /* Debug */ = {
			isa = XCBuildConfiguration;
			buildSettings = {
				ALWAYS_EMBED_SWIFT_STANDARD_LIBRARIES = YES;
				CODE_SIGN_STYLE = Automatic;
				DEVELOPMENT_TEAM = 433CSHQQBP;
				INFOPLIST_FILE = "Tests iOS/Info.plist";
				IPHONEOS_DEPLOYMENT_TARGET = 14.3;
				LD_RUNPATH_SEARCH_PATHS = (
					"$(inherited)",
					"@executable_path/Frameworks",
					"@loader_path/Frameworks",
				);
				PRODUCT_BUNDLE_IDENTIFIER = "iskeptic.biz.Tests-iOS";
				PRODUCT_NAME = "$(TARGET_NAME)";
				SDKROOT = iphoneos;
				SWIFT_VERSION = 5.0;
				TARGETED_DEVICE_FAMILY = "1,2";
				TEST_TARGET_NAME = "Robot_car (iOS)";
			};
			name = Debug;
		};
		EF1D254E261779110086D712 /* Release */ = {
			isa = XCBuildConfiguration;
			buildSettings = {
				ALWAYS_EMBED_SWIFT_STANDARD_LIBRARIES = YES;
				CODE_SIGN_STYLE = Automatic;
				DEVELOPMENT_TEAM = 433CSHQQBP;
				INFOPLIST_FILE = "Tests iOS/Info.plist";
				IPHONEOS_DEPLOYMENT_TARGET = 14.3;
				LD_RUNPATH_SEARCH_PATHS = (
					"$(inherited)",
					"@executable_path/Frameworks",
					"@loader_path/Frameworks",
				);
				PRODUCT_BUNDLE_IDENTIFIER = "iskeptic.biz.Tests-iOS";
				PRODUCT_NAME = "$(TARGET_NAME)";
				SDKROOT = iphoneos;
				SWIFT_VERSION = 5.0;
				TARGETED_DEVICE_FAMILY = "1,2";
				TEST_TARGET_NAME = "Robot_car (iOS)";
				VALIDATE_PRODUCT = YES;
			};
			name = Release;
		};
		EF1D2550261779110086D712 /* Debug */ = {
			isa = XCBuildConfiguration;
			buildSettings = {
				ALWAYS_EMBED_SWIFT_STANDARD_LIBRARIES = YES;
				CODE_SIGN_STYLE = Automatic;
				COMBINE_HIDPI_IMAGES = YES;
				DEVELOPMENT_TEAM = 433CSHQQBP;
				INFOPLIST_FILE = "Tests macOS/Info.plist";
				LD_RUNPATH_SEARCH_PATHS = (
					"$(inherited)",
					"@executable_path/../Frameworks",
					"@loader_path/../Frameworks",
				);
				MACOSX_DEPLOYMENT_TARGET = 10.15;
				PRODUCT_BUNDLE_IDENTIFIER = "iskeptic.biz.Tests-macOS";
				PRODUCT_NAME = "$(TARGET_NAME)";
				SDKROOT = macosx;
				SWIFT_VERSION = 5.0;
				TEST_TARGET_NAME = "Robot_car (macOS)";
			};
			name = Debug;
		};
		EF1D2551261779110086D712 /* Release */ = {
			isa = XCBuildConfiguration;
			buildSettings = {
				ALWAYS_EMBED_SWIFT_STANDARD_LIBRARIES = YES;
				CODE_SIGN_STYLE = Automatic;
				COMBINE_HIDPI_IMAGES = YES;
				DEVELOPMENT_TEAM = 433CSHQQBP;
				INFOPLIST_FILE = "Tests macOS/Info.plist";
				LD_RUNPATH_SEARCH_PATHS = (
					"$(inherited)",
					"@executable_path/../Frameworks",
					"@loader_path/../Frameworks",
				);
				MACOSX_DEPLOYMENT_TARGET = 10.15;
				PRODUCT_BUNDLE_IDENTIFIER = "iskeptic.biz.Tests-macOS";
				PRODUCT_NAME = "$(TARGET_NAME)";
				SDKROOT = macosx;
				SWIFT_VERSION = 5.0;
				TEST_TARGET_NAME = "Robot_car (macOS)";
			};
			name = Release;
		};
/* End XCBuildConfiguration section */

/* Begin XCConfigurationList section */
		EF1D25102617790A0086D712 /* Build configuration list for PBXProject "Robot_car" */ = {
			isa = XCConfigurationList;
			buildConfigurations = (
				EF1D2544261779110086D712 /* Debug */,
				EF1D2545261779110086D712 /* Release */,
			);
			defaultConfigurationIsVisible = 0;
			defaultConfigurationName = Release;
		};
		EF1D2546261779110086D712 /* Build configuration list for PBXNativeTarget "Robot_car (iOS)" */ = {
			isa = XCConfigurationList;
			buildConfigurations = (
				EF1D2547261779110086D712 /* Debug */,
				EF1D2548261779110086D712 /* Release */,
			);
			defaultConfigurationIsVisible = 0;
			defaultConfigurationName = Release;
		};
		EF1D2549261779110086D712 /* Build configuration list for PBXNativeTarget "Robot_car (macOS)" */ = {
			isa = XCConfigurationList;
			buildConfigurations = (
				EF1D254A261779110086D712 /* Debug */,
				EF1D254B261779110086D712 /* Release */,
			);
			defaultConfigurationIsVisible = 0;
			defaultConfigurationName = Release;
		};
		EF1D254C261779110086D712 /* Build configuration list for PBXNativeTarget "Tests iOS" */ = {
			isa = XCConfigurationList;
			buildConfigurations = (
				EF1D254D261779110086D712 /* Debug */,
				EF1D254E261779110086D712 /* Release */,
			);
			defaultConfigurationIsVisible = 0;
			defaultConfigurationName = Release;
		};
		EF1D254F261779110086D712 /* Build configuration list for PBXNativeTarget "Tests macOS" */ = {
			isa = XCConfigurationList;
			buildConfigurations = (
				EF1D2550261779110086D712 /* Debug */,
				EF1D2551261779110086D712 /* Release */,
			);
			defaultConfigurationIsVisible = 0;
			defaultConfigurationName = Release;
		};
/* End XCConfigurationList section */
	};
	rootObject = EF1D250D2617790A0086D712 /* Project object */;
}
